
Microsoft Visual Studio Solution File, Format Version 12.00
# Visual Studio Version 17
VisualStudioVersion = 17.0.31919.166
MinimumVisualStudioVersion = 10.0.40219.1
Project("{8BC9CEB8-8B4A-11D0-8D11-00A0C91BC942}") = "HelloCpp", "HelloCpp\HelloCpp.vcxproj", "{48DC4D3C-E6AF-4ED8-8690-27240E358CFD}"
EndProject
Project("{8BC9CEB8-8B4A-11D0-8D11-00A0C91BC942}") = "Pointers", "Project1\Project1.vcxproj", "{9F29636E-F4EA-45EA-9A90-17333EF6EBD6}"
EndProject
Project("{8BC9CEB8-8B4A-11D0-8D11-00A0C91BC942}") = "Strings", "Strings\Strings.vcxproj", "{088112DF-F103-42DD-BD39-E48CB801617B}"
EndProject
Project("{8BC9CEB8-8B4A-11D0-8D11-00A0C91BC942}") = "DynamicMemoryAccess", "DynamicMemoryAccess\DynamicMemoryAccess.vcxproj", "{CACC0D9E-9BD9-45DE-8EBA-61EB1259BFF8}"
EndProject
Project("{8BC9CEB8-8B4A-11D0-8D11-00A0C91BC942}") = "StructsAndClasses", "StructsAndClasses\StructsAndClasses.vcxproj", "{E5A5EC23-7587-4329-8833-A0C53634F731}"
EndProject
Project("{8BC9CEB8-8B4A-11D0-8D11-00A0C91BC942}") = "ZombieAutoBattler", "ZombieAutoBattler\ZombieAutoBattler.vcxproj", "{4896EFE7-B6D6-4880-964A-17AF99DD8972}"
EndProject
Global
	GlobalSection(SolutionConfigurationPlatforms) = preSolution
		Debug|x64 = Debug|x64
		Debug|x86 = Debug|x86
		Release|x64 = Release|x64
		Release|x86 = Release|x86
	EndGlobalSection
	GlobalSection(ProjectConfigurationPlatforms) = postSolution
		{48DC4D3C-E6AF-4ED8-8690-27240E358CFD}.Debug|x64.ActiveCfg = Debug|x64
		{48DC4D3C-E6AF-4ED8-8690-27240E358CFD}.Debug|x64.Build.0 = Debug|x64
		{48DC4D3C-E6AF-4ED8-8690-27240E358CFD}.Debug|x86.ActiveCfg = Debug|Win32
		{48DC4D3C-E6AF-4ED8-8690-27240E358CFD}.Debug|x86.Build.0 = Debug|Win32
		{48DC4D3C-E6AF-4ED8-8690-27240E358CFD}.Release|x64.ActiveCfg = Release|x64
		{48DC4D3C-E6AF-4ED8-8690-27240E358CFD}.Release|x64.Build.0 = Release|x64
		{48DC4D3C-E6AF-4ED8-8690-27240E358CFD}.Release|x86.ActiveCfg = Release|Win32
		{48DC4D3C-E6AF-4ED8-8690-27240E358CFD}.Release|x86.Build.0 = Release|Win32
		{9F29636E-F4EA-45EA-9A90-17333EF6EBD6}.Debug|x64.ActiveCfg = Debug|x64
		{9F29636E-F4EA-45EA-9A90-17333EF6EBD6}.Debug|x64.Build.0 = Debug|x64
		{9F29636E-F4EA-45EA-9A90-17333EF6EBD6}.Debug|x86.ActiveCfg = Debug|Win32
		{9F29636E-F4EA-45EA-9A90-17333EF6EBD6}.Debug|x86.Build.0 = Debug|Win32
		{9F29636E-F4EA-45EA-9A90-17333EF6EBD6}.Release|x64.ActiveCfg = Release|x64
		{9F29636E-F4EA-45EA-9A90-17333EF6EBD6}.Release|x64.Build.0 = Release|x64
		{9F29636E-F4EA-45EA-9A90-17333EF6EBD6}.Release|x86.ActiveCfg = Release|Win32
		{9F29636E-F4EA-45EA-9A90-17333EF6EBD6}.Release|x86.Build.0 = Release|Win32
		{088112DF-F103-42DD-BD39-E48CB801617B}.Debug|x64.ActiveCfg = Debug|x64
		{088112DF-F103-42DD-BD39-E48CB801617B}.Debug|x64.Build.0 = Debug|x64
		{088112DF-F103-42DD-BD39-E48CB801617B}.Debug|x86.ActiveCfg = Debug|Win32
		{088112DF-F103-42DD-BD39-E48CB801617B}.Debug|x86.Build.0 = Debug|Win32
		{088112DF-F103-42DD-BD39-E48CB801617B}.Release|x64.ActiveCfg = Release|x64
		{088112DF-F103-42DD-BD39-E48CB801617B}.Release|x64.Build.0 = Release|x64
		{088112DF-F103-42DD-BD39-E48CB801617B}.Release|x86.ActiveCfg = Release|Win32
		{088112DF-F103-42DD-BD39-E48CB801617B}.Release|x86.Build.0 = Release|Win32
		{CACC0D9E-9BD9-45DE-8EBA-61EB1259BFF8}.Debug|x64.ActiveCfg = Debug|x64
		{CACC0D9E-9BD9-45DE-8EBA-61EB1259BFF8}.Debug|x64.Build.0 = Debug|x64
		{CACC0D9E-9BD9-45DE-8EBA-61EB1259BFF8}.Debug|x86.ActiveCfg = Debug|Win32
		{CACC0D9E-9BD9-45DE-8EBA-61EB1259BFF8}.Debug|x86.Build.0 = Debug|Win32
		{CACC0D9E-9BD9-45DE-8EBA-61EB1259BFF8}.Release|x64.ActiveCfg = Release|x64
		{CACC0D9E-9BD9-45DE-8EBA-61EB1259BFF8}.Release|x64.Build.0 = Release|x64
		{CACC0D9E-9BD9-45DE-8EBA-61EB1259BFF8}.Release|x86.ActiveCfg = Release|Win32
		{CACC0D9E-9BD9-45DE-8EBA-61EB1259BFF8}.Release|x86.Build.0 = Release|Win32
		{E5A5EC23-7587-4329-8833-A0C53634F731}.Debug|x64.ActiveCfg = Debug|x64
		{E5A5EC23-7587-4329-8833-A0C53634F731}.Debug|x64.Build.0 = Debug|x64
		{E5A5EC23-7587-4329-8833-A0C53634F731}.Debug|x86.ActiveCfg = Debug|Win32
		{E5A5EC23-7587-4329-8833-A0C53634F731}.Debug|x86.Build.0 = Debug|Win32
		{E5A5EC23-7587-4329-8833-A0C53634F731}.Release|x64.ActiveCfg = Release|x64
		{E5A5EC23-7587-4329-8833-A0C53634F731}.Release|x64.Build.0 = Release|x64
		{E5A5EC23-7587-4329-8833-A0C53634F731}.Release|x86.ActiveCfg = Release|Win32
		{E5A5EC23-7587-4329-8833-A0C53634F731}.Release|x86.Build.0 = Release|Win32
		{4896EFE7-B6D6-4880-964A-17AF99DD8972}.Debug|x64.ActiveCfg = Debug|x64
		{4896EFE7-B6D6-4880-964A-17AF99DD8972}.Debug|x64.Build.0 = Debug|x64
		{4896EFE7-B6D6-4880-964A-17AF99DD8972}.Debug|x86.ActiveCfg = Debug|Win32
		{4896EFE7-B6D6-4880-964A-17AF99DD8972}.Debug|x86.Build.0 = Debug|Win32
		{4896EFE7-B6D6-4880-964A-17AF99DD8972}.Release|x64.ActiveCfg = Release|x64
		{4896EFE7-B6D6-4880-964A-17AF99DD8972}.Release|x64.Build.0 = Release|x64
		{4896EFE7-B6D6-4880-964A-17AF99DD8972}.Release|x86.ActiveCfg = Release|Win32
		{4896EFE7-B6D6-4880-964A-17AF99DD8972}.Release|x86.Build.0 = Release|Win32
	EndGlobalSection
	GlobalSection(SolutionProperties) = preSolution
		HideSolutionNode = FALSE
	EndGlobalSection
	GlobalSection(ExtensibilityGlobals) = postSolution
		SolutionGuid = {905217CB-E97E-463B-8F6C-8D66E098BFE9}
	EndGlobalSection
EndGlobal
