
Microsoft Visual Studio Solution File, Format Version 12.00
# Visual Studio Version 17
VisualStudioVersion = 17.0.31919.166
MinimumVisualStudioVersion = 10.0.40219.1
Project("{8BC9CEB8-8B4A-11D0-8D11-00A0C91BC942}") = "HelloCpp", "HelloCpp\HelloCpp.vcxproj", "{48DC4D3C-E6AF-4ED8-8690-27240E358CFD}"
EndProject
Project("{8BC9CEB8-8B4A-11D0-8D11-00A0C91BC942}") = "Pointers", "Project1\Project1.vcxproj", "{9F29636E-F4EA-45EA-9A90-17333EF6EBD6}"
EndProject
Project("{8BC9CEB8-8B4A-11D0-8D11-00A0C91BC942}") = "Strings", "Strings\Strings.vcxproj", "{088112DF-F103-42DD-BD39-E48CB801617B}"
EndProject
Project("{8BC9CEB8-8B4A-11D0-8D11-00A0C91BC942}") = "DynamicMemoryAccess", "DynamicMemoryAccess\DynamicMemoryAccess.vcxproj", "{CACC0D9E-9BD9-45DE-8EBA-61EB1259BFF8}"
EndProject
Project("{8BC9CEB8-8B4A-11D0-8D11-00A0C91BC942}") = "StructsAndClasses", "StructsAndClasses\StructsAndClasses.vcxproj", "{E5A5EC23-7587-4329-8833-A0C53634F731}"
EndProject
Project("{8BC9CEB8-8B4A-11D0-8D11-00A0C91BC942}") = "ZombieAutoBattler", "ZombieAutoBattler\ZombieAutoBattler.vcxproj", "{4896EFE7-B6D6-4880-964A-17AF99DD8972}"
EndProject
Project("{8BC9CEB8-8B4A-11D0-8D11-00A0C91BC942}") = "FileStreams", "FileStreams\FileStreams.vcxproj", "{02376A3E-99AA-476A-868B-54A1E3A3EC83}"
EndProject
Project("{8BC9CEB8-8B4A-11D0-8D11-00A0C91BC942}") = "IntroCPP_BinaryFileIO_NPCData", "IntroCPP_BinaryFileIO_NPCData\IntroCPP_BinaryFileIO_NPCData.vcxproj", "{7544D2EA-300C-4AEB-AA7F-438762AE001F}"
EndProject
Project("{9A19103F-16F7-4668-BE54-9A1E7A4F7556}") = "CSharp", "CSharp\CSharp.csproj", "{CF9C0961-5554-493A-894D-6EB428F8CFB9}"
EndProject
Project("{8BC9CEB8-8B4A-11D0-8D11-00A0C91BC942}") = "CtorAndDtor", "CtorAndDtor\CtorAndDtor.vcxproj", "{55437455-B879-4081-BACE-A0FCC9FF69C2}"
EndProject
Project("{8BC9CEB8-8B4A-11D0-8D11-00A0C91BC942}") = "InheritanceAndPolymorphism", "InheritanceAndPolymorphism\InheritanceAndPolymorphism.vcxproj", "{77DE166E-F758-4A93-AEAD-A105D48D907A}"
EndProject
Project("{8BC9CEB8-8B4A-11D0-8D11-00A0C91BC942}") = "RaylibDemo", "RaylibDemo\RaylibDemo.vcxproj", "{B9252859-246F-4405-A65C-FBF9E58A620C}"
EndProject
Project("{8BC9CEB8-8B4A-11D0-8D11-00A0C91BC942}") = "STLVector", "STLVector\STLVector.vcxproj", "{8E716CF4-1F4B-4CD4-9641-9A43CB76C0A6}"
EndProject
Project("{8BC9CEB8-8B4A-11D0-8D11-00A0C91BC942}") = "StorageDurationAndLifetime", "StorageDurationAndLifetime\StorageDurationAndLifetime.vcxproj", "{6A5E9AA6-EB87-4804-B156-3A44386AEED1}"
EndProject
Project("{8BC9CEB8-8B4A-11D0-8D11-00A0C91BC942}") = "Static", "Static\Static.vcxproj", "{14A27623-4E99-4A68-8DB3-2C912AD3E45F}"
EndProject
Project("{8BC9CEB8-8B4A-11D0-8D11-00A0C91BC942}") = "RuleOfThreeFive", "RuleOfThreeFive\RuleOfThreeFive.vcxproj", "{4DBBD617-6037-4BAE-B426-D168D53897FD}"
EndProject
Project("{8BC9CEB8-8B4A-11D0-8D11-00A0C91BC942}") = "RaylibDemoDemo", "RaylibDemoDemo\RaylibDemoDemo.vcxproj", "{F3A7FAF6-28A5-4D09-AB07-30C264234A0D}"
EndProject
Project("{8BC9CEB8-8B4A-11D0-8D11-00A0C91BC942}") = "References", "References\References.vcxproj", "{E6CF56B9-A33A-45E0-9364-9C37AE013270}"
EndProject
Global
	GlobalSection(SolutionConfigurationPlatforms) = preSolution
		Debug|Any CPU = Debug|Any CPU
		Debug|x64 = Debug|x64
		Debug|x86 = Debug|x86
		Release|Any CPU = Release|Any CPU
		Release|x64 = Release|x64
		Release|x86 = Release|x86
	EndGlobalSection
	GlobalSection(ProjectConfigurationPlatforms) = postSolution
		{48DC4D3C-E6AF-4ED8-8690-27240E358CFD}.Debug|Any CPU.ActiveCfg = Debug|x64
		{48DC4D3C-E6AF-4ED8-8690-27240E358CFD}.Debug|Any CPU.Build.0 = Debug|x64
		{48DC4D3C-E6AF-4ED8-8690-27240E358CFD}.Debug|x64.ActiveCfg = Debug|x64
		{48DC4D3C-E6AF-4ED8-8690-27240E358CFD}.Debug|x64.Build.0 = Debug|x64
		{48DC4D3C-E6AF-4ED8-8690-27240E358CFD}.Debug|x86.ActiveCfg = Debug|Win32
		{48DC4D3C-E6AF-4ED8-8690-27240E358CFD}.Debug|x86.Build.0 = Debug|Win32
		{48DC4D3C-E6AF-4ED8-8690-27240E358CFD}.Release|Any CPU.ActiveCfg = Release|x64
		{48DC4D3C-E6AF-4ED8-8690-27240E358CFD}.Release|Any CPU.Build.0 = Release|x64
		{48DC4D3C-E6AF-4ED8-8690-27240E358CFD}.Release|x64.ActiveCfg = Release|x64
		{48DC4D3C-E6AF-4ED8-8690-27240E358CFD}.Release|x64.Build.0 = Release|x64
		{48DC4D3C-E6AF-4ED8-8690-27240E358CFD}.Release|x86.ActiveCfg = Release|Win32
		{48DC4D3C-E6AF-4ED8-8690-27240E358CFD}.Release|x86.Build.0 = Release|Win32
		{9F29636E-F4EA-45EA-9A90-17333EF6EBD6}.Debug|Any CPU.ActiveCfg = Debug|x64
		{9F29636E-F4EA-45EA-9A90-17333EF6EBD6}.Debug|Any CPU.Build.0 = Debug|x64
		{9F29636E-F4EA-45EA-9A90-17333EF6EBD6}.Debug|x64.ActiveCfg = Debug|x64
		{9F29636E-F4EA-45EA-9A90-17333EF6EBD6}.Debug|x64.Build.0 = Debug|x64
		{9F29636E-F4EA-45EA-9A90-17333EF6EBD6}.Debug|x86.ActiveCfg = Debug|Win32
		{9F29636E-F4EA-45EA-9A90-17333EF6EBD6}.Debug|x86.Build.0 = Debug|Win32
		{9F29636E-F4EA-45EA-9A90-17333EF6EBD6}.Release|Any CPU.ActiveCfg = Release|x64
		{9F29636E-F4EA-45EA-9A90-17333EF6EBD6}.Release|Any CPU.Build.0 = Release|x64
		{9F29636E-F4EA-45EA-9A90-17333EF6EBD6}.Release|x64.ActiveCfg = Release|x64
		{9F29636E-F4EA-45EA-9A90-17333EF6EBD6}.Release|x64.Build.0 = Release|x64
		{9F29636E-F4EA-45EA-9A90-17333EF6EBD6}.Release|x86.ActiveCfg = Release|Win32
		{9F29636E-F4EA-45EA-9A90-17333EF6EBD6}.Release|x86.Build.0 = Release|Win32
		{088112DF-F103-42DD-BD39-E48CB801617B}.Debug|Any CPU.ActiveCfg = Debug|x64
		{088112DF-F103-42DD-BD39-E48CB801617B}.Debug|Any CPU.Build.0 = Debug|x64
		{088112DF-F103-42DD-BD39-E48CB801617B}.Debug|x64.ActiveCfg = Debug|x64
		{088112DF-F103-42DD-BD39-E48CB801617B}.Debug|x64.Build.0 = Debug|x64
		{088112DF-F103-42DD-BD39-E48CB801617B}.Debug|x86.ActiveCfg = Debug|Win32
		{088112DF-F103-42DD-BD39-E48CB801617B}.Debug|x86.Build.0 = Debug|Win32
		{088112DF-F103-42DD-BD39-E48CB801617B}.Release|Any CPU.ActiveCfg = Release|x64
		{088112DF-F103-42DD-BD39-E48CB801617B}.Release|Any CPU.Build.0 = Release|x64
		{088112DF-F103-42DD-BD39-E48CB801617B}.Release|x64.ActiveCfg = Release|x64
		{088112DF-F103-42DD-BD39-E48CB801617B}.Release|x64.Build.0 = Release|x64
		{088112DF-F103-42DD-BD39-E48CB801617B}.Release|x86.ActiveCfg = Release|Win32
		{088112DF-F103-42DD-BD39-E48CB801617B}.Release|x86.Build.0 = Release|Win32
		{CACC0D9E-9BD9-45DE-8EBA-61EB1259BFF8}.Debug|Any CPU.ActiveCfg = Debug|x64
		{CACC0D9E-9BD9-45DE-8EBA-61EB1259BFF8}.Debug|Any CPU.Build.0 = Debug|x64
		{CACC0D9E-9BD9-45DE-8EBA-61EB1259BFF8}.Debug|x64.ActiveCfg = Debug|x64
		{CACC0D9E-9BD9-45DE-8EBA-61EB1259BFF8}.Debug|x64.Build.0 = Debug|x64
		{CACC0D9E-9BD9-45DE-8EBA-61EB1259BFF8}.Debug|x86.ActiveCfg = Debug|Win32
		{CACC0D9E-9BD9-45DE-8EBA-61EB1259BFF8}.Debug|x86.Build.0 = Debug|Win32
		{CACC0D9E-9BD9-45DE-8EBA-61EB1259BFF8}.Release|Any CPU.ActiveCfg = Release|x64
		{CACC0D9E-9BD9-45DE-8EBA-61EB1259BFF8}.Release|Any CPU.Build.0 = Release|x64
		{CACC0D9E-9BD9-45DE-8EBA-61EB1259BFF8}.Release|x64.ActiveCfg = Release|x64
		{CACC0D9E-9BD9-45DE-8EBA-61EB1259BFF8}.Release|x64.Build.0 = Release|x64
		{CACC0D9E-9BD9-45DE-8EBA-61EB1259BFF8}.Release|x86.ActiveCfg = Release|Win32
		{CACC0D9E-9BD9-45DE-8EBA-61EB1259BFF8}.Release|x86.Build.0 = Release|Win32
		{E5A5EC23-7587-4329-8833-A0C53634F731}.Debug|Any CPU.ActiveCfg = Debug|x64
		{E5A5EC23-7587-4329-8833-A0C53634F731}.Debug|Any CPU.Build.0 = Debug|x64
		{E5A5EC23-7587-4329-8833-A0C53634F731}.Debug|x64.ActiveCfg = Debug|x64
		{E5A5EC23-7587-4329-8833-A0C53634F731}.Debug|x64.Build.0 = Debug|x64
		{E5A5EC23-7587-4329-8833-A0C53634F731}.Debug|x86.ActiveCfg = Debug|Win32
		{E5A5EC23-7587-4329-8833-A0C53634F731}.Debug|x86.Build.0 = Debug|Win32
		{E5A5EC23-7587-4329-8833-A0C53634F731}.Release|Any CPU.ActiveCfg = Release|x64
		{E5A5EC23-7587-4329-8833-A0C53634F731}.Release|Any CPU.Build.0 = Release|x64
		{E5A5EC23-7587-4329-8833-A0C53634F731}.Release|x64.ActiveCfg = Release|x64
		{E5A5EC23-7587-4329-8833-A0C53634F731}.Release|x64.Build.0 = Release|x64
		{E5A5EC23-7587-4329-8833-A0C53634F731}.Release|x86.ActiveCfg = Release|Win32
		{E5A5EC23-7587-4329-8833-A0C53634F731}.Release|x86.Build.0 = Release|Win32
		{4896EFE7-B6D6-4880-964A-17AF99DD8972}.Debug|Any CPU.ActiveCfg = Debug|x64
		{4896EFE7-B6D6-4880-964A-17AF99DD8972}.Debug|Any CPU.Build.0 = Debug|x64
		{4896EFE7-B6D6-4880-964A-17AF99DD8972}.Debug|x64.ActiveCfg = Debug|x64
		{4896EFE7-B6D6-4880-964A-17AF99DD8972}.Debug|x64.Build.0 = Debug|x64
		{4896EFE7-B6D6-4880-964A-17AF99DD8972}.Debug|x86.ActiveCfg = Debug|Win32
		{4896EFE7-B6D6-4880-964A-17AF99DD8972}.Debug|x86.Build.0 = Debug|Win32
		{4896EFE7-B6D6-4880-964A-17AF99DD8972}.Release|Any CPU.ActiveCfg = Release|x64
		{4896EFE7-B6D6-4880-964A-17AF99DD8972}.Release|Any CPU.Build.0 = Release|x64
		{4896EFE7-B6D6-4880-964A-17AF99DD8972}.Release|x64.ActiveCfg = Release|x64
		{4896EFE7-B6D6-4880-964A-17AF99DD8972}.Release|x64.Build.0 = Release|x64
		{4896EFE7-B6D6-4880-964A-17AF99DD8972}.Release|x86.ActiveCfg = Release|Win32
		{4896EFE7-B6D6-4880-964A-17AF99DD8972}.Release|x86.Build.0 = Release|Win32
		{02376A3E-99AA-476A-868B-54A1E3A3EC83}.Debug|Any CPU.ActiveCfg = Debug|x64
		{02376A3E-99AA-476A-868B-54A1E3A3EC83}.Debug|Any CPU.Build.0 = Debug|x64
		{02376A3E-99AA-476A-868B-54A1E3A3EC83}.Debug|x64.ActiveCfg = Debug|x64
		{02376A3E-99AA-476A-868B-54A1E3A3EC83}.Debug|x64.Build.0 = Debug|x64
		{02376A3E-99AA-476A-868B-54A1E3A3EC83}.Debug|x86.ActiveCfg = Debug|Win32
		{02376A3E-99AA-476A-868B-54A1E3A3EC83}.Debug|x86.Build.0 = Debug|Win32
		{02376A3E-99AA-476A-868B-54A1E3A3EC83}.Release|Any CPU.ActiveCfg = Release|x64
		{02376A3E-99AA-476A-868B-54A1E3A3EC83}.Release|Any CPU.Build.0 = Release|x64
		{02376A3E-99AA-476A-868B-54A1E3A3EC83}.Release|x64.ActiveCfg = Release|x64
		{02376A3E-99AA-476A-868B-54A1E3A3EC83}.Release|x64.Build.0 = Release|x64
		{02376A3E-99AA-476A-868B-54A1E3A3EC83}.Release|x86.ActiveCfg = Release|Win32
		{02376A3E-99AA-476A-868B-54A1E3A3EC83}.Release|x86.Build.0 = Release|Win32
		{7544D2EA-300C-4AEB-AA7F-438762AE001F}.Debug|Any CPU.ActiveCfg = Debug|x64
		{7544D2EA-300C-4AEB-AA7F-438762AE001F}.Debug|Any CPU.Build.0 = Debug|x64
		{7544D2EA-300C-4AEB-AA7F-438762AE001F}.Debug|x64.ActiveCfg = Debug|x64
		{7544D2EA-300C-4AEB-AA7F-438762AE001F}.Debug|x64.Build.0 = Debug|x64
		{7544D2EA-300C-4AEB-AA7F-438762AE001F}.Debug|x86.ActiveCfg = Debug|Win32
		{7544D2EA-300C-4AEB-AA7F-438762AE001F}.Debug|x86.Build.0 = Debug|Win32
		{7544D2EA-300C-4AEB-AA7F-438762AE001F}.Release|Any CPU.ActiveCfg = Release|x64
		{7544D2EA-300C-4AEB-AA7F-438762AE001F}.Release|Any CPU.Build.0 = Release|x64
		{7544D2EA-300C-4AEB-AA7F-438762AE001F}.Release|x64.ActiveCfg = Release|x64
		{7544D2EA-300C-4AEB-AA7F-438762AE001F}.Release|x64.Build.0 = Release|x64
		{7544D2EA-300C-4AEB-AA7F-438762AE001F}.Release|x86.ActiveCfg = Release|Win32
		{7544D2EA-300C-4AEB-AA7F-438762AE001F}.Release|x86.Build.0 = Release|Win32
		{CF9C0961-5554-493A-894D-6EB428F8CFB9}.Debug|Any CPU.ActiveCfg = Debug|Any CPU
		{CF9C0961-5554-493A-894D-6EB428F8CFB9}.Debug|Any CPU.Build.0 = Debug|Any CPU
		{CF9C0961-5554-493A-894D-6EB428F8CFB9}.Debug|x64.ActiveCfg = Debug|Any CPU
		{CF9C0961-5554-493A-894D-6EB428F8CFB9}.Debug|x64.Build.0 = Debug|Any CPU
		{CF9C0961-5554-493A-894D-6EB428F8CFB9}.Debug|x86.ActiveCfg = Debug|Any CPU
		{CF9C0961-5554-493A-894D-6EB428F8CFB9}.Debug|x86.Build.0 = Debug|Any CPU
		{CF9C0961-5554-493A-894D-6EB428F8CFB9}.Release|Any CPU.ActiveCfg = Release|Any CPU
		{CF9C0961-5554-493A-894D-6EB428F8CFB9}.Release|Any CPU.Build.0 = Release|Any CPU
		{CF9C0961-5554-493A-894D-6EB428F8CFB9}.Release|x64.ActiveCfg = Release|Any CPU
		{CF9C0961-5554-493A-894D-6EB428F8CFB9}.Release|x64.Build.0 = Release|Any CPU
		{CF9C0961-5554-493A-894D-6EB428F8CFB9}.Release|x86.ActiveCfg = Release|Any CPU
		{CF9C0961-5554-493A-894D-6EB428F8CFB9}.Release|x86.Build.0 = Release|Any CPU
		{55437455-B879-4081-BACE-A0FCC9FF69C2}.Debug|Any CPU.ActiveCfg = Debug|x64
		{55437455-B879-4081-BACE-A0FCC9FF69C2}.Debug|Any CPU.Build.0 = Debug|x64
		{55437455-B879-4081-BACE-A0FCC9FF69C2}.Debug|x64.ActiveCfg = Debug|x64
		{55437455-B879-4081-BACE-A0FCC9FF69C2}.Debug|x64.Build.0 = Debug|x64
		{55437455-B879-4081-BACE-A0FCC9FF69C2}.Debug|x86.ActiveCfg = Debug|Win32
		{55437455-B879-4081-BACE-A0FCC9FF69C2}.Debug|x86.Build.0 = Debug|Win32
		{55437455-B879-4081-BACE-A0FCC9FF69C2}.Release|Any CPU.ActiveCfg = Release|x64
		{55437455-B879-4081-BACE-A0FCC9FF69C2}.Release|Any CPU.Build.0 = Release|x64
		{55437455-B879-4081-BACE-A0FCC9FF69C2}.Release|x64.ActiveCfg = Release|x64
		{55437455-B879-4081-BACE-A0FCC9FF69C2}.Release|x64.Build.0 = Release|x64
		{55437455-B879-4081-BACE-A0FCC9FF69C2}.Release|x86.ActiveCfg = Release|Win32
		{55437455-B879-4081-BACE-A0FCC9FF69C2}.Release|x86.Build.0 = Release|Win32
		{77DE166E-F758-4A93-AEAD-A105D48D907A}.Debug|Any CPU.ActiveCfg = Debug|x64
		{77DE166E-F758-4A93-AEAD-A105D48D907A}.Debug|Any CPU.Build.0 = Debug|x64
		{77DE166E-F758-4A93-AEAD-A105D48D907A}.Debug|x64.ActiveCfg = Debug|x64
		{77DE166E-F758-4A93-AEAD-A105D48D907A}.Debug|x64.Build.0 = Debug|x64
		{77DE166E-F758-4A93-AEAD-A105D48D907A}.Debug|x86.ActiveCfg = Debug|Win32
		{77DE166E-F758-4A93-AEAD-A105D48D907A}.Debug|x86.Build.0 = Debug|Win32
		{77DE166E-F758-4A93-AEAD-A105D48D907A}.Release|Any CPU.ActiveCfg = Release|x64
		{77DE166E-F758-4A93-AEAD-A105D48D907A}.Release|Any CPU.Build.0 = Release|x64
		{77DE166E-F758-4A93-AEAD-A105D48D907A}.Release|x64.ActiveCfg = Release|x64
		{77DE166E-F758-4A93-AEAD-A105D48D907A}.Release|x64.Build.0 = Release|x64
		{77DE166E-F758-4A93-AEAD-A105D48D907A}.Release|x86.ActiveCfg = Release|Win32
		{77DE166E-F758-4A93-AEAD-A105D48D907A}.Release|x86.Build.0 = Release|Win32
		{B9252859-246F-4405-A65C-FBF9E58A620C}.Debug|Any CPU.ActiveCfg = Debug|x64
		{B9252859-246F-4405-A65C-FBF9E58A620C}.Debug|Any CPU.Build.0 = Debug|x64
		{B9252859-246F-4405-A65C-FBF9E58A620C}.Debug|x64.ActiveCfg = Debug|x64
		{B9252859-246F-4405-A65C-FBF9E58A620C}.Debug|x64.Build.0 = Debug|x64
		{B9252859-246F-4405-A65C-FBF9E58A620C}.Debug|x86.ActiveCfg = Debug|Win32
		{B9252859-246F-4405-A65C-FBF9E58A620C}.Debug|x86.Build.0 = Debug|Win32
		{B9252859-246F-4405-A65C-FBF9E58A620C}.Release|Any CPU.ActiveCfg = Release|x64
		{B9252859-246F-4405-A65C-FBF9E58A620C}.Release|Any CPU.Build.0 = Release|x64
		{B9252859-246F-4405-A65C-FBF9E58A620C}.Release|x64.ActiveCfg = Release|x64
		{B9252859-246F-4405-A65C-FBF9E58A620C}.Release|x64.Build.0 = Release|x64
		{B9252859-246F-4405-A65C-FBF9E58A620C}.Release|x86.ActiveCfg = Release|Win32
		{B9252859-246F-4405-A65C-FBF9E58A620C}.Release|x86.Build.0 = Release|Win32
		{8E716CF4-1F4B-4CD4-9641-9A43CB76C0A6}.Debug|Any CPU.ActiveCfg = Debug|x64
		{8E716CF4-1F4B-4CD4-9641-9A43CB76C0A6}.Debug|Any CPU.Build.0 = Debug|x64
		{8E716CF4-1F4B-4CD4-9641-9A43CB76C0A6}.Debug|x64.ActiveCfg = Debug|x64
		{8E716CF4-1F4B-4CD4-9641-9A43CB76C0A6}.Debug|x64.Build.0 = Debug|x64
		{8E716CF4-1F4B-4CD4-9641-9A43CB76C0A6}.Debug|x86.ActiveCfg = Debug|Win32
		{8E716CF4-1F4B-4CD4-9641-9A43CB76C0A6}.Debug|x86.Build.0 = Debug|Win32
		{8E716CF4-1F4B-4CD4-9641-9A43CB76C0A6}.Release|Any CPU.ActiveCfg = Release|x64
		{8E716CF4-1F4B-4CD4-9641-9A43CB76C0A6}.Release|Any CPU.Build.0 = Release|x64
		{8E716CF4-1F4B-4CD4-9641-9A43CB76C0A6}.Release|x64.ActiveCfg = Release|x64
		{8E716CF4-1F4B-4CD4-9641-9A43CB76C0A6}.Release|x64.Build.0 = Release|x64
		{8E716CF4-1F4B-4CD4-9641-9A43CB76C0A6}.Release|x86.ActiveCfg = Release|Win32
		{8E716CF4-1F4B-4CD4-9641-9A43CB76C0A6}.Release|x86.Build.0 = Release|Win32
		{6A5E9AA6-EB87-4804-B156-3A44386AEED1}.Debug|Any CPU.ActiveCfg = Debug|x64
		{6A5E9AA6-EB87-4804-B156-3A44386AEED1}.Debug|Any CPU.Build.0 = Debug|x64
		{6A5E9AA6-EB87-4804-B156-3A44386AEED1}.Debug|x64.ActiveCfg = Debug|x64
		{6A5E9AA6-EB87-4804-B156-3A44386AEED1}.Debug|x64.Build.0 = Debug|x64
		{6A5E9AA6-EB87-4804-B156-3A44386AEED1}.Debug|x86.ActiveCfg = Debug|Win32
		{6A5E9AA6-EB87-4804-B156-3A44386AEED1}.Debug|x86.Build.0 = Debug|Win32
		{6A5E9AA6-EB87-4804-B156-3A44386AEED1}.Release|Any CPU.ActiveCfg = Release|x64
		{6A5E9AA6-EB87-4804-B156-3A44386AEED1}.Release|Any CPU.Build.0 = Release|x64
		{6A5E9AA6-EB87-4804-B156-3A44386AEED1}.Release|x64.ActiveCfg = Release|x64
		{6A5E9AA6-EB87-4804-B156-3A44386AEED1}.Release|x64.Build.0 = Release|x64
		{6A5E9AA6-EB87-4804-B156-3A44386AEED1}.Release|x86.ActiveCfg = Release|Win32
		{6A5E9AA6-EB87-4804-B156-3A44386AEED1}.Release|x86.Build.0 = Release|Win32
		{14A27623-4E99-4A68-8DB3-2C912AD3E45F}.Debug|Any CPU.ActiveCfg = Debug|x64
		{14A27623-4E99-4A68-8DB3-2C912AD3E45F}.Debug|Any CPU.Build.0 = Debug|x64
		{14A27623-4E99-4A68-8DB3-2C912AD3E45F}.Debug|x64.ActiveCfg = Debug|x64
		{14A27623-4E99-4A68-8DB3-2C912AD3E45F}.Debug|x64.Build.0 = Debug|x64
		{14A27623-4E99-4A68-8DB3-2C912AD3E45F}.Debug|x86.ActiveCfg = Debug|Win32
		{14A27623-4E99-4A68-8DB3-2C912AD3E45F}.Debug|x86.Build.0 = Debug|Win32
		{14A27623-4E99-4A68-8DB3-2C912AD3E45F}.Release|Any CPU.ActiveCfg = Release|x64
		{14A27623-4E99-4A68-8DB3-2C912AD3E45F}.Release|Any CPU.Build.0 = Release|x64
		{14A27623-4E99-4A68-8DB3-2C912AD3E45F}.Release|x64.ActiveCfg = Release|x64
		{14A27623-4E99-4A68-8DB3-2C912AD3E45F}.Release|x64.Build.0 = Release|x64
		{14A27623-4E99-4A68-8DB3-2C912AD3E45F}.Release|x86.ActiveCfg = Release|Win32
		{14A27623-4E99-4A68-8DB3-2C912AD3E45F}.Release|x86.Build.0 = Release|Win32
		{4DBBD617-6037-4BAE-B426-D168D53897FD}.Debug|Any CPU.ActiveCfg = Debug|x64
		{4DBBD617-6037-4BAE-B426-D168D53897FD}.Debug|Any CPU.Build.0 = Debug|x64
		{4DBBD617-6037-4BAE-B426-D168D53897FD}.Debug|x64.ActiveCfg = Debug|x64
		{4DBBD617-6037-4BAE-B426-D168D53897FD}.Debug|x64.Build.0 = Debug|x64
		{4DBBD617-6037-4BAE-B426-D168D53897FD}.Debug|x86.ActiveCfg = Debug|Win32
		{4DBBD617-6037-4BAE-B426-D168D53897FD}.Debug|x86.Build.0 = Debug|Win32
		{4DBBD617-6037-4BAE-B426-D168D53897FD}.Release|Any CPU.ActiveCfg = Release|x64
		{4DBBD617-6037-4BAE-B426-D168D53897FD}.Release|Any CPU.Build.0 = Release|x64
		{4DBBD617-6037-4BAE-B426-D168D53897FD}.Release|x64.ActiveCfg = Release|x64
		{4DBBD617-6037-4BAE-B426-D168D53897FD}.Release|x64.Build.0 = Release|x64
		{4DBBD617-6037-4BAE-B426-D168D53897FD}.Release|x86.ActiveCfg = Release|Win32
		{4DBBD617-6037-4BAE-B426-D168D53897FD}.Release|x86.Build.0 = Release|Win32
		{F3A7FAF6-28A5-4D09-AB07-30C264234A0D}.Debug|Any CPU.ActiveCfg = Debug|x64
		{F3A7FAF6-28A5-4D09-AB07-30C264234A0D}.Debug|Any CPU.Build.0 = Debug|x64
		{F3A7FAF6-28A5-4D09-AB07-30C264234A0D}.Debug|x64.ActiveCfg = Debug|x64
		{F3A7FAF6-28A5-4D09-AB07-30C264234A0D}.Debug|x64.Build.0 = Debug|x64
		{F3A7FAF6-28A5-4D09-AB07-30C264234A0D}.Debug|x86.ActiveCfg = Debug|Win32
		{F3A7FAF6-28A5-4D09-AB07-30C264234A0D}.Debug|x86.Build.0 = Debug|Win32
		{F3A7FAF6-28A5-4D09-AB07-30C264234A0D}.Release|Any CPU.ActiveCfg = Release|x64
		{F3A7FAF6-28A5-4D09-AB07-30C264234A0D}.Release|Any CPU.Build.0 = Release|x64
		{F3A7FAF6-28A5-4D09-AB07-30C264234A0D}.Release|x64.ActiveCfg = Release|x64
		{F3A7FAF6-28A5-4D09-AB07-30C264234A0D}.Release|x64.Build.0 = Release|x64
		{F3A7FAF6-28A5-4D09-AB07-30C264234A0D}.Release|x86.ActiveCfg = Release|Win32
		{F3A7FAF6-28A5-4D09-AB07-30C264234A0D}.Release|x86.Build.0 = Release|Win32
		{E6CF56B9-A33A-45E0-9364-9C37AE013270}.Debug|Any CPU.ActiveCfg = Debug|x64
		{E6CF56B9-A33A-45E0-9364-9C37AE013270}.Debug|Any CPU.Build.0 = Debug|x64
		{E6CF56B9-A33A-45E0-9364-9C37AE013270}.Debug|x64.ActiveCfg = Debug|x64
		{E6CF56B9-A33A-45E0-9364-9C37AE013270}.Debug|x64.Build.0 = Debug|x64
		{E6CF56B9-A33A-45E0-9364-9C37AE013270}.Debug|x86.ActiveCfg = Debug|Win32
		{E6CF56B9-A33A-45E0-9364-9C37AE013270}.Debug|x86.Build.0 = Debug|Win32
		{E6CF56B9-A33A-45E0-9364-9C37AE013270}.Release|Any CPU.ActiveCfg = Release|x64
		{E6CF56B9-A33A-45E0-9364-9C37AE013270}.Release|Any CPU.Build.0 = Release|x64
		{E6CF56B9-A33A-45E0-9364-9C37AE013270}.Release|x64.ActiveCfg = Release|x64
		{E6CF56B9-A33A-45E0-9364-9C37AE013270}.Release|x64.Build.0 = Release|x64
		{E6CF56B9-A33A-45E0-9364-9C37AE013270}.Release|x86.ActiveCfg = Release|Win32
		{E6CF56B9-A33A-45E0-9364-9C37AE013270}.Release|x86.Build.0 = Release|Win32
	EndGlobalSection
	GlobalSection(SolutionProperties) = preSolution
		HideSolutionNode = FALSE
	EndGlobalSection
	GlobalSection(ExtensibilityGlobals) = postSolution
		SolutionGuid = {905217CB-E97E-463B-8F6C-8D66E098BFE9}
	EndGlobalSection
EndGlobal
